
Microsoft Visual Studio Solution File, Format Version 12.00
# Visual Studio Version 17
VisualStudioVersion = 17.9.34622.214
MinimumVisualStudioVersion = 10.0.40219.1
Project("{FAE04EC0-301F-11D3-BF4B-00C04F79EFBC}") = "QR-and-Barcode-Generator", "QR-and-Barcode-Generator\QR-and-Barcode-Generator.csproj", "{B4D300B8-7903-415B-91F4-189FD293D829}"
EndProject
Global
	GlobalSection(SolutionConfigurationPlatforms) = preSolution
		Debug|Any CPU = Debug|Any CPU
		Release|Any CPU = Release|Any CPU
	EndGlobalSection
	GlobalSection(ProjectConfigurationPlatforms) = postSolution
		{B4D300B8-7903-415B-91F4-189FD293D829}.Debug|Any CPU.ActiveCfg = Debug|Any CPU
		{B4D300B8-7903-415B-91F4-189FD293D829}.Debug|Any CPU.Build.0 = Debug|Any CPU
		{B4D300B8-7903-415B-91F4-189FD293D829}.Release|Any CPU.ActiveCfg = Release|Any CPU
		{B4D300B8-7903-415B-91F4-189FD293D829}.Release|Any CPU.Build.0 = Release|Any CPU
	EndGlobalSection
	GlobalSection(SolutionProperties) = preSolution
		HideSolutionNode = FALSE
	EndGlobalSection
	GlobalSection(ExtensibilityGlobals) = postSolution
		SolutionGuid = {06F0A803-E04B-486B-9FF2-7BBB0EE53461}
	EndGlobalSection
EndGlobal
